// !$*UTF8*$!
{
	archiveVersion = 1;
	classes = {
	};
	objectVersion = 46;
	objects = {

/* Begin PBXGroup section */
		ABF16D081B763C8B002AC80C = {
			isa = PBXGroup;
			children = (
			);
			sourceTree = "<group>";
		};
/* End PBXGroup section */

/* Begin PBXProject section */
		ABF16D091B763C8B002AC80C /* Project object */ = {
			isa = PBXProject;
			attributes = {
				LastUpgradeCheck = 0640;
			};
			buildConfigurationList = ABF16D0C1B763C8B002AC80C /* Build configuration list for PBXProject "ACFoundation" */;
			compatibilityVersion = "Xcode 3.2";
			developmentRegion = English;
			hasScannedForEncodings = 0;
			knownRegions = (
				en,
			);
			mainGroup = ABF16D081B763C8B002AC80C;
			projectDirPath = "";
			projectRoot = "";
			targets = (
			);
		};
/* End PBXProject section */

/* Begin XCBuildConfiguration section */
		ABF16D0D1B763C8B002AC80C /* Debug */ = {
			isa = XCBuildConfiguration;
			buildSettings = {
			};
			name = Debug;
		};
		ABF16D0E1B763C8B002AC80C /* Release */ = {
			isa = XCBuildConfiguration;
			buildSettings = {
			};
			name = Release;
		};
/* End XCBuildConfiguration section */

/* Begin XCConfigurationList section */
		ABF16D0C1B763C8B002AC80C /* Build configuration list for PBXProject "ACFoundation" */ = {
			isa = XCConfigurationList;
			buildConfigurations = (
				ABF16D0D1B763C8B002AC80C /* Debug */,
				ABF16D0E1B763C8B002AC80C /* Release */,
			);
			defaultConfigurationIsVisible = 0;
			defaultConfigurationName = Release;
		};
/* End XCConfigurationList section */
	};
	rootObject = ABF16D091B763C8B002AC80C /* Project object */;
}
